// !$*UTF8*$!
{
	archiveVersion = 1;
	classes = {
	};
	objectVersion = 46;
	objects = {

/* Begin PBXBuildFile section */
		18DA68CFC8A26ACBF9BEFC16 /* libPods-DA Mobile.a in Frameworks */ = {isa = PBXBuildFile; fileRef = E307A23BD1C5166D3F4A184C /* libPods-DA Mobile.a */; };
		280C28801E91649200381D68 /* GoogleService-Info.plist in Resources */ = {isa = PBXBuildFile; fileRef = 280C287F1E91649200381D68 /* GoogleService-Info.plist */; };
		281C32CF1E9A75AA0093ABA0 /* bg1@2x.png in Resources */ = {isa = PBXBuildFile; fileRef = 281C32CD1E9A75AA0093ABA0 /* bg1@2x.png */; };
		281C32D01E9A75AA0093ABA0 /* bg3@2x.png in Resources */ = {isa = PBXBuildFile; fileRef = 281C32CE1E9A75AA0093ABA0 /* bg3@2x.png */; };
		281C32D41E9A82930093ABA0 /* BookmarkViewController.m in Sources */ = {isa = PBXBuildFile; fileRef = 281C32D31E9A82930093ABA0 /* BookmarkViewController.m */; };
		2822A6071E95C86600F52F92 /* Back.png in Resources */ = {isa = PBXBuildFile; fileRef = 2822A6051E95C86600F52F92 /* Back.png */; };
		2822A6081E95C86600F52F92 /* Hearts.png in Resources */ = {isa = PBXBuildFile; fileRef = 2822A6061E95C86600F52F92 /* Hearts.png */; };
		282ADC1A1E97213600701BC2 /* BulletinPost.m in Sources */ = {isa = PBXBuildFile; fileRef = 282ADC191E97213600701BC2 /* BulletinPost.m */; };
		283C8A0F1E97AE1300329DF3 /* Plus.png in Resources */ = {isa = PBXBuildFile; fileRef = 283C8A0E1E97AE1300329DF3 /* Plus.png */; };
		283C8A121E97EB1500329DF3 /* CollectionViewFlowLayout.m in Sources */ = {isa = PBXBuildFile; fileRef = 283C8A111E97EB1500329DF3 /* CollectionViewFlowLayout.m */; };
		2841DB411E567B2A007A1B2E /* DetailViewController.m in Sources */ = {isa = PBXBuildFile; fileRef = 2841DB401E567B2A007A1B2E /* DetailViewController.m */; };
		286816631DCAB3D20089BEA6 /* main.m in Sources */ = {isa = PBXBuildFile; fileRef = 286816621DCAB3D20089BEA6 /* main.m */; };
		286816661DCAB3D20089BEA6 /* AppDelegate.m in Sources */ = {isa = PBXBuildFile; fileRef = 286816651DCAB3D20089BEA6 /* AppDelegate.m */; };
		286816691DCAB3D20089BEA6 /* ViewController.m in Sources */ = {isa = PBXBuildFile; fileRef = 286816681DCAB3D20089BEA6 /* ViewController.m */; };
		2868166C1DCAB3D20089BEA6 /* Main.storyboard in Resources */ = {isa = PBXBuildFile; fileRef = 2868166A1DCAB3D20089BEA6 /* Main.storyboard */; };
		2868166E1DCAB3D20089BEA6 /* Assets.xcassets in Resources */ = {isa = PBXBuildFile; fileRef = 2868166D1DCAB3D20089BEA6 /* Assets.xcassets */; };
		286816711DCAB3D20089BEA6 /* LaunchScreen.storyboard in Resources */ = {isa = PBXBuildFile; fileRef = 2868166F1DCAB3D20089BEA6 /* LaunchScreen.storyboard */; };
		286816A01DCAB4610089BEA6 /* libxml2.2.tbd in Frameworks */ = {isa = PBXBuildFile; fileRef = 2868169F1DCAB4610089BEA6 /* libxml2.2.tbd */; };
		286816A21DCAB4770089BEA6 /* libxml2.tbd in Frameworks */ = {isa = PBXBuildFile; fileRef = 286816A11DCAB4770089BEA6 /* libxml2.tbd */; };
		286816A91DCAB7230089BEA6 /* TFHpple.m in Sources */ = {isa = PBXBuildFile; fileRef = 286816A41DCAB7230089BEA6 /* TFHpple.m */; };
		286816AA1DCAB7230089BEA6 /* TFHppleElement.m in Sources */ = {isa = PBXBuildFile; fileRef = 286816A61DCAB7230089BEA6 /* TFHppleElement.m */; };
		286816AB1DCAB7230089BEA6 /* XPathQuery.m in Sources */ = {isa = PBXBuildFile; fileRef = 286816A81DCAB7230089BEA6 /* XPathQuery.m */; };
		286816AD1DCAB8EC0089BEA6 /* libresolv.tbd in Frameworks */ = {isa = PBXBuildFile; fileRef = 286816AC1DCAB8EC0089BEA6 /* libresolv.tbd */; };
		287986061E9888A400DE4DC4 /* UICollectionViewCellSmall.xib in Resources */ = {isa = PBXBuildFile; fileRef = 287986051E9888A400DE4DC4 /* UICollectionViewCellSmall.xib */; };
		28A4C6DE1E984A1500C00E3E /* MenuViewController.m in Sources */ = {isa = PBXBuildFile; fileRef = 28A4C6DD1E984A1500C00E3E /* MenuViewController.m */; };
		28ACA04E1E228A6D0092075E /* YQL.m in Sources */ = {isa = PBXBuildFile; fileRef = 28ACA04D1E228A6D0092075E /* YQL.m */; };
		28ACA0511E228A890092075E /* CoreLocation.framework in Frameworks */ = {isa = PBXBuildFile; fileRef = 28ACA0501E228A890092075E /* CoreLocation.framework */; };
		28ACA0531E2290220092075E /* MapKit.framework in Frameworks */ = {isa = PBXBuildFile; fileRef = 28ACA0521E2290220092075E /* MapKit.framework */; };
		28AFE0D61E9AC649004A83FB /* Bookmark-icon.png in Resources */ = {isa = PBXBuildFile; fileRef = 28AFE0D51E9AC649004A83FB /* Bookmark-icon.png */; };
		28AFE0D91E9AC7D2004A83FB /* BulletinData.m in Sources */ = {isa = PBXBuildFile; fileRef = 28AFE0D81E9AC7D2004A83FB /* BulletinData.m */; };
		28B84EAF1E9018560041BD5D /* NotificationCenter.framework in Frameworks */ = {isa = PBXBuildFile; fileRef = 28B84EAE1E9018560041BD5D /* NotificationCenter.framework */; };
		28B84EB31E9018560041BD5D /* TodayViewController.m in Sources */ = {isa = PBXBuildFile; fileRef = 28B84EB21E9018560041BD5D /* TodayViewController.m */; };
		28B84EB61E9018560041BD5D /* MainInterface.storyboard in Resources */ = {isa = PBXBuildFile; fileRef = 28B84EB41E9018560041BD5D /* MainInterface.storyboard */; };
		28B84EBA1E9018560041BD5D /* DA Mobile Widget.appex in Embed App Extensions */ = {isa = PBXBuildFile; fileRef = 28B84EAD1E9018560041BD5D /* DA Mobile Widget.appex */; settings = {ATTRIBUTES = (RemoveHeadersOnCopy, ); }; };
		28B84EC21E9030C70041BD5D /* icon.png in Resources */ = {isa = PBXBuildFile; fileRef = 28B84EC11E9030C70041BD5D /* icon.png */; };
		28B84EC51E9035430041BD5D /* Assets.xcassets in Resources */ = {isa = PBXBuildFile; fileRef = 2868166D1DCAB3D20089BEA6 /* Assets.xcassets */; };
<<<<<<< HEAD
		28F23F841E930A2B00F1DBB0 /* placeholder.png in Resources */ = {isa = PBXBuildFile; fileRef = 28F23F831E930A2B00F1DBB0 /* placeholder.png */; };
=======
<<<<<<< HEAD
		28CFF2D81E99E631001E012F /* poster.png in Resources */ = {isa = PBXBuildFile; fileRef = 28CFF2D71E99E631001E012F /* poster.png */; };
		28DA8BEC1E9B321400478B73 /* CustomTableViewCell.m in Sources */ = {isa = PBXBuildFile; fileRef = 28DA8BEB1E9B321400478B73 /* CustomTableViewCell.m */; };
		28E833A31E947E5C00614C73 /* UICollectionViewCellPosts.m in Sources */ = {isa = PBXBuildFile; fileRef = 28E833A21E947E5C00614C73 /* UICollectionViewCellPosts.m */; };
		28E833A51E947E7F00614C73 /* UICollectionViewCellPosts.xib in Resources */ = {isa = PBXBuildFile; fileRef = 28E833A41E947E7F00614C73 /* UICollectionViewCellPosts.xib */; };
		28E833A81E947FF500614C73 /* CollectionReusableHeader.m in Sources */ = {isa = PBXBuildFile; fileRef = 28E833A71E947FF500614C73 /* CollectionReusableHeader.m */; };
		28E833AA1E94933000614C73 /* placeholder.png in Resources */ = {isa = PBXBuildFile; fileRef = 28E833A91E94933000614C73 /* placeholder.png */; };
=======
		28F23F841E930A2B00F1DBB0 /* placeholder.png in Resources */ = {isa = PBXBuildFile; fileRef = 28F23F831E930A2B00F1DBB0 /* placeholder.png */; };
>>>>>>> master
>>>>>>> new-ui
		F4EAB71D1A91594D658ECA5E /* libPods-DA Mobile Widget.a in Frameworks */ = {isa = PBXBuildFile; fileRef = 0F9E7D4049289D70560B04FA /* libPods-DA Mobile Widget.a */; };
/* End PBXBuildFile section */

/* Begin PBXContainerItemProxy section */
		28B84EB81E9018560041BD5D /* PBXContainerItemProxy */ = {
			isa = PBXContainerItemProxy;
			containerPortal = 286816561DCAB3D10089BEA6 /* Project object */;
			proxyType = 1;
			remoteGlobalIDString = 28B84EAC1E9018560041BD5D;
			remoteInfo = "DA Mobile Widget";
		};
/* End PBXContainerItemProxy section */

/* Begin PBXCopyFilesBuildPhase section */
		28B84EBE1E9018560041BD5D /* Embed App Extensions */ = {
			isa = PBXCopyFilesBuildPhase;
			buildActionMask = 2147483647;
			dstPath = "";
			dstSubfolderSpec = 13;
			files = (
				28B84EBA1E9018560041BD5D /* DA Mobile Widget.appex in Embed App Extensions */,
			);
			name = "Embed App Extensions";
			runOnlyForDeploymentPostprocessing = 0;
		};
/* End PBXCopyFilesBuildPhase section */

/* Begin PBXFileReference section */
		08395B49F13BBFDBE64A8E80 /* Pods-DA Mobile Widget.release.xcconfig */ = {isa = PBXFileReference; includeInIndex = 1; lastKnownFileType = text.xcconfig; name = "Pods-DA Mobile Widget.release.xcconfig"; path = "Pods/Target Support Files/Pods-DA Mobile Widget/Pods-DA Mobile Widget.release.xcconfig"; sourceTree = "<group>"; };
		0F9E7D4049289D70560B04FA /* libPods-DA Mobile Widget.a */ = {isa = PBXFileReference; explicitFileType = archive.ar; includeInIndex = 0; path = "libPods-DA Mobile Widget.a"; sourceTree = BUILT_PRODUCTS_DIR; };
		159733627244C7DDDD224C71 /* Pods-DA Mobile.release.xcconfig */ = {isa = PBXFileReference; includeInIndex = 1; lastKnownFileType = text.xcconfig; name = "Pods-DA Mobile.release.xcconfig"; path = "Pods/Target Support Files/Pods-DA Mobile/Pods-DA Mobile.release.xcconfig"; sourceTree = "<group>"; };
		280C287F1E91649200381D68 /* GoogleService-Info.plist */ = {isa = PBXFileReference; fileEncoding = 4; lastKnownFileType = text.plist.xml; path = "GoogleService-Info.plist"; sourceTree = "<group>"; };
		281C32CD1E9A75AA0093ABA0 /* bg1@2x.png */ = {isa = PBXFileReference; lastKnownFileType = image.png; path = "bg1@2x.png"; sourceTree = "<group>"; };
		281C32CE1E9A75AA0093ABA0 /* bg3@2x.png */ = {isa = PBXFileReference; lastKnownFileType = image.png; path = "bg3@2x.png"; sourceTree = "<group>"; };
		281C32D21E9A82930093ABA0 /* BookmarkViewController.h */ = {isa = PBXFileReference; fileEncoding = 4; lastKnownFileType = sourcecode.c.h; path = BookmarkViewController.h; sourceTree = "<group>"; };
		281C32D31E9A82930093ABA0 /* BookmarkViewController.m */ = {isa = PBXFileReference; fileEncoding = 4; lastKnownFileType = sourcecode.c.objc; path = BookmarkViewController.m; sourceTree = "<group>"; };
		2822A6051E95C86600F52F92 /* Back.png */ = {isa = PBXFileReference; lastKnownFileType = image.png; path = Back.png; sourceTree = "<group>"; };
		2822A6061E95C86600F52F92 /* Hearts.png */ = {isa = PBXFileReference; lastKnownFileType = image.png; path = Hearts.png; sourceTree = "<group>"; };
		282ADC181E97213600701BC2 /* BulletinPost.h */ = {isa = PBXFileReference; fileEncoding = 4; lastKnownFileType = sourcecode.c.h; path = BulletinPost.h; sourceTree = "<group>"; };
		282ADC191E97213600701BC2 /* BulletinPost.m */ = {isa = PBXFileReference; fileEncoding = 4; lastKnownFileType = sourcecode.c.objc; path = BulletinPost.m; sourceTree = "<group>"; };
		283C8A0E1E97AE1300329DF3 /* Plus.png */ = {isa = PBXFileReference; lastKnownFileType = image.png; path = Plus.png; sourceTree = "<group>"; };
		283C8A101E97EB1500329DF3 /* CollectionViewFlowLayout.h */ = {isa = PBXFileReference; fileEncoding = 4; lastKnownFileType = sourcecode.c.h; path = CollectionViewFlowLayout.h; sourceTree = "<group>"; };
		283C8A111E97EB1500329DF3 /* CollectionViewFlowLayout.m */ = {isa = PBXFileReference; fileEncoding = 4; lastKnownFileType = sourcecode.c.objc; path = CollectionViewFlowLayout.m; sourceTree = "<group>"; };
		2841DB3F1E567B2A007A1B2E /* DetailViewController.h */ = {isa = PBXFileReference; fileEncoding = 4; lastKnownFileType = sourcecode.c.h; path = DetailViewController.h; sourceTree = "<group>"; };
		2841DB401E567B2A007A1B2E /* DetailViewController.m */ = {isa = PBXFileReference; fileEncoding = 4; lastKnownFileType = sourcecode.c.objc; path = DetailViewController.m; sourceTree = "<group>"; };
		2868165E1DCAB3D20089BEA6 /* DA Mobile.app */ = {isa = PBXFileReference; explicitFileType = wrapper.application; includeInIndex = 0; path = "DA Mobile.app"; sourceTree = BUILT_PRODUCTS_DIR; };
		286816621DCAB3D20089BEA6 /* main.m */ = {isa = PBXFileReference; lastKnownFileType = sourcecode.c.objc; path = main.m; sourceTree = "<group>"; };
		286816641DCAB3D20089BEA6 /* AppDelegate.h */ = {isa = PBXFileReference; lastKnownFileType = sourcecode.c.h; path = AppDelegate.h; sourceTree = "<group>"; };
		286816651DCAB3D20089BEA6 /* AppDelegate.m */ = {isa = PBXFileReference; lastKnownFileType = sourcecode.c.objc; path = AppDelegate.m; sourceTree = "<group>"; };
		286816671DCAB3D20089BEA6 /* ViewController.h */ = {isa = PBXFileReference; lastKnownFileType = sourcecode.c.h; path = ViewController.h; sourceTree = "<group>"; };
		286816681DCAB3D20089BEA6 /* ViewController.m */ = {isa = PBXFileReference; lastKnownFileType = sourcecode.c.objc; path = ViewController.m; sourceTree = "<group>"; };
		2868166B1DCAB3D20089BEA6 /* Base */ = {isa = PBXFileReference; lastKnownFileType = file.storyboard; name = Base; path = Base.lproj/Main.storyboard; sourceTree = "<group>"; };
		2868166D1DCAB3D20089BEA6 /* Assets.xcassets */ = {isa = PBXFileReference; lastKnownFileType = folder.assetcatalog; name = Assets.xcassets; path = "../DA Mobile/Assets.xcassets"; sourceTree = "<group>"; };
		286816701DCAB3D20089BEA6 /* Base */ = {isa = PBXFileReference; lastKnownFileType = file.storyboard; name = Base; path = Base.lproj/LaunchScreen.storyboard; sourceTree = "<group>"; };
		286816721DCAB3D20089BEA6 /* Info.plist */ = {isa = PBXFileReference; lastKnownFileType = text.plist.xml; path = Info.plist; sourceTree = "<group>"; };
		2868169F1DCAB4610089BEA6 /* libxml2.2.tbd */ = {isa = PBXFileReference; lastKnownFileType = "sourcecode.text-based-dylib-definition"; name = libxml2.2.tbd; path = usr/lib/libxml2.2.tbd; sourceTree = SDKROOT; };
		286816A11DCAB4770089BEA6 /* libxml2.tbd */ = {isa = PBXFileReference; lastKnownFileType = "sourcecode.text-based-dylib-definition"; name = libxml2.tbd; path = usr/lib/libxml2.tbd; sourceTree = SDKROOT; };
		286816A31DCAB7230089BEA6 /* TFHpple.h */ = {isa = PBXFileReference; fileEncoding = 4; lastKnownFileType = sourcecode.c.h; path = TFHpple.h; sourceTree = "<group>"; };
		286816A41DCAB7230089BEA6 /* TFHpple.m */ = {isa = PBXFileReference; fileEncoding = 4; lastKnownFileType = sourcecode.c.objc; path = TFHpple.m; sourceTree = "<group>"; };
		286816A51DCAB7230089BEA6 /* TFHppleElement.h */ = {isa = PBXFileReference; fileEncoding = 4; lastKnownFileType = sourcecode.c.h; path = TFHppleElement.h; sourceTree = "<group>"; };
		286816A61DCAB7230089BEA6 /* TFHppleElement.m */ = {isa = PBXFileReference; fileEncoding = 4; lastKnownFileType = sourcecode.c.objc; path = TFHppleElement.m; sourceTree = "<group>"; };
		286816A71DCAB7230089BEA6 /* XPathQuery.h */ = {isa = PBXFileReference; fileEncoding = 4; lastKnownFileType = sourcecode.c.h; path = XPathQuery.h; sourceTree = "<group>"; };
		286816A81DCAB7230089BEA6 /* XPathQuery.m */ = {isa = PBXFileReference; fileEncoding = 4; lastKnownFileType = sourcecode.c.objc; path = XPathQuery.m; sourceTree = "<group>"; };
		286816AC1DCAB8EC0089BEA6 /* libresolv.tbd */ = {isa = PBXFileReference; lastKnownFileType = "sourcecode.text-based-dylib-definition"; name = libresolv.tbd; path = usr/lib/libresolv.tbd; sourceTree = SDKROOT; };
		287986051E9888A400DE4DC4 /* UICollectionViewCellSmall.xib */ = {isa = PBXFileReference; fileEncoding = 4; lastKnownFileType = file.xib; path = UICollectionViewCellSmall.xib; sourceTree = "<group>"; };
		28A4C6DC1E984A1500C00E3E /* MenuViewController.h */ = {isa = PBXFileReference; fileEncoding = 4; lastKnownFileType = sourcecode.c.h; path = MenuViewController.h; sourceTree = "<group>"; };
		28A4C6DD1E984A1500C00E3E /* MenuViewController.m */ = {isa = PBXFileReference; fileEncoding = 4; lastKnownFileType = sourcecode.c.objc; path = MenuViewController.m; sourceTree = "<group>"; };
		28ACA04C1E228A6D0092075E /* YQL.h */ = {isa = PBXFileReference; fileEncoding = 4; lastKnownFileType = sourcecode.c.h; path = YQL.h; sourceTree = "<group>"; };
		28ACA04D1E228A6D0092075E /* YQL.m */ = {isa = PBXFileReference; fileEncoding = 4; lastKnownFileType = sourcecode.c.objc; path = YQL.m; sourceTree = "<group>"; };
		28ACA0501E228A890092075E /* CoreLocation.framework */ = {isa = PBXFileReference; lastKnownFileType = wrapper.framework; name = CoreLocation.framework; path = System/Library/Frameworks/CoreLocation.framework; sourceTree = SDKROOT; };
		28ACA0521E2290220092075E /* MapKit.framework */ = {isa = PBXFileReference; lastKnownFileType = wrapper.framework; name = MapKit.framework; path = System/Library/Frameworks/MapKit.framework; sourceTree = SDKROOT; };
		28AFE0D51E9AC649004A83FB /* Bookmark-icon.png */ = {isa = PBXFileReference; lastKnownFileType = image.png; path = "Bookmark-icon.png"; sourceTree = "<group>"; };
		28AFE0D71E9AC7D2004A83FB /* BulletinData.h */ = {isa = PBXFileReference; fileEncoding = 4; lastKnownFileType = sourcecode.c.h; path = BulletinData.h; sourceTree = "<group>"; };
		28AFE0D81E9AC7D2004A83FB /* BulletinData.m */ = {isa = PBXFileReference; fileEncoding = 4; lastKnownFileType = sourcecode.c.objc; path = BulletinData.m; sourceTree = "<group>"; };
		28B84EAD1E9018560041BD5D /* DA Mobile Widget.appex */ = {isa = PBXFileReference; explicitFileType = "wrapper.app-extension"; includeInIndex = 0; path = "DA Mobile Widget.appex"; sourceTree = BUILT_PRODUCTS_DIR; };
		28B84EAE1E9018560041BD5D /* NotificationCenter.framework */ = {isa = PBXFileReference; lastKnownFileType = wrapper.framework; name = NotificationCenter.framework; path = System/Library/Frameworks/NotificationCenter.framework; sourceTree = SDKROOT; };
		28B84EB11E9018560041BD5D /* TodayViewController.h */ = {isa = PBXFileReference; lastKnownFileType = sourcecode.c.h; path = TodayViewController.h; sourceTree = "<group>"; };
		28B84EB21E9018560041BD5D /* TodayViewController.m */ = {isa = PBXFileReference; lastKnownFileType = sourcecode.c.objc; path = TodayViewController.m; sourceTree = "<group>"; };
		28B84EB51E9018560041BD5D /* Base */ = {isa = PBXFileReference; lastKnownFileType = file.storyboard; name = Base; path = Base.lproj/MainInterface.storyboard; sourceTree = "<group>"; };
		28B84EB71E9018560041BD5D /* Info.plist */ = {isa = PBXFileReference; lastKnownFileType = text.plist.xml; path = Info.plist; sourceTree = "<group>"; };
		28B84EBF1E901C0D0041BD5D /* DA Mobile.entitlements */ = {isa = PBXFileReference; lastKnownFileType = text.plist.entitlements; path = "DA Mobile.entitlements"; sourceTree = "<group>"; };
		28B84EC01E901C2C0041BD5D /* DA Mobile Widget.entitlements */ = {isa = PBXFileReference; lastKnownFileType = text.plist.entitlements; path = "DA Mobile Widget.entitlements"; sourceTree = "<group>"; };
		28B84EC11E9030C70041BD5D /* icon.png */ = {isa = PBXFileReference; lastKnownFileType = image.png; path = icon.png; sourceTree = "<group>"; };
		28B84EC31E9033F00041BD5D /* Assets.xcassets */ = {isa = PBXFileReference; lastKnownFileType = folder.assetcatalog; path = Assets.xcassets; sourceTree = "<group>"; };
<<<<<<< HEAD
		28F23F831E930A2B00F1DBB0 /* placeholder.png */ = {isa = PBXFileReference; lastKnownFileType = image.png; path = placeholder.png; sourceTree = "<group>"; };
=======
<<<<<<< HEAD
		28CFF2D71E99E631001E012F /* poster.png */ = {isa = PBXFileReference; lastKnownFileType = image.png; path = poster.png; sourceTree = "<group>"; };
		28DA8BEA1E9B321400478B73 /* CustomTableViewCell.h */ = {isa = PBXFileReference; fileEncoding = 4; lastKnownFileType = sourcecode.c.h; path = CustomTableViewCell.h; sourceTree = "<group>"; };
		28DA8BEB1E9B321400478B73 /* CustomTableViewCell.m */ = {isa = PBXFileReference; fileEncoding = 4; lastKnownFileType = sourcecode.c.objc; path = CustomTableViewCell.m; sourceTree = "<group>"; };
		28E833A11E947E5C00614C73 /* UICollectionViewCellPosts.h */ = {isa = PBXFileReference; fileEncoding = 4; lastKnownFileType = sourcecode.c.h; path = UICollectionViewCellPosts.h; sourceTree = "<group>"; };
		28E833A21E947E5C00614C73 /* UICollectionViewCellPosts.m */ = {isa = PBXFileReference; fileEncoding = 4; lastKnownFileType = sourcecode.c.objc; path = UICollectionViewCellPosts.m; sourceTree = "<group>"; };
		28E833A41E947E7F00614C73 /* UICollectionViewCellPosts.xib */ = {isa = PBXFileReference; fileEncoding = 4; lastKnownFileType = file.xib; path = UICollectionViewCellPosts.xib; sourceTree = "<group>"; };
		28E833A61E947FF500614C73 /* CollectionReusableHeader.h */ = {isa = PBXFileReference; fileEncoding = 4; lastKnownFileType = sourcecode.c.h; path = CollectionReusableHeader.h; sourceTree = "<group>"; };
		28E833A71E947FF500614C73 /* CollectionReusableHeader.m */ = {isa = PBXFileReference; fileEncoding = 4; lastKnownFileType = sourcecode.c.objc; path = CollectionReusableHeader.m; sourceTree = "<group>"; };
		28E833A91E94933000614C73 /* placeholder.png */ = {isa = PBXFileReference; lastKnownFileType = image.png; path = placeholder.png; sourceTree = "<group>"; };
=======
		28F23F831E930A2B00F1DBB0 /* placeholder.png */ = {isa = PBXFileReference; lastKnownFileType = image.png; path = placeholder.png; sourceTree = "<group>"; };
>>>>>>> master
>>>>>>> new-ui
		98A3D34911E6E8A82C7F4016 /* Pods-DA Mobile.debug.xcconfig */ = {isa = PBXFileReference; includeInIndex = 1; lastKnownFileType = text.xcconfig; name = "Pods-DA Mobile.debug.xcconfig"; path = "Pods/Target Support Files/Pods-DA Mobile/Pods-DA Mobile.debug.xcconfig"; sourceTree = "<group>"; };
		9F65A303EC17A19D98A410E4 /* Pods-DA Mobile Widget.debug.xcconfig */ = {isa = PBXFileReference; includeInIndex = 1; lastKnownFileType = text.xcconfig; name = "Pods-DA Mobile Widget.debug.xcconfig"; path = "Pods/Target Support Files/Pods-DA Mobile Widget/Pods-DA Mobile Widget.debug.xcconfig"; sourceTree = "<group>"; };
		E307A23BD1C5166D3F4A184C /* libPods-DA Mobile.a */ = {isa = PBXFileReference; explicitFileType = archive.ar; includeInIndex = 0; path = "libPods-DA Mobile.a"; sourceTree = BUILT_PRODUCTS_DIR; };
/* End PBXFileReference section */

/* Begin PBXFrameworksBuildPhase section */
		2868165B1DCAB3D10089BEA6 /* Frameworks */ = {
			isa = PBXFrameworksBuildPhase;
			buildActionMask = 2147483647;
			files = (
				28ACA0511E228A890092075E /* CoreLocation.framework in Frameworks */,
				286816AD1DCAB8EC0089BEA6 /* libresolv.tbd in Frameworks */,
				28ACA0531E2290220092075E /* MapKit.framework in Frameworks */,
				286816A21DCAB4770089BEA6 /* libxml2.tbd in Frameworks */,
				286816A01DCAB4610089BEA6 /* libxml2.2.tbd in Frameworks */,
				18DA68CFC8A26ACBF9BEFC16 /* libPods-DA Mobile.a in Frameworks */,
			);
			runOnlyForDeploymentPostprocessing = 0;
		};
		28B84EAA1E9018560041BD5D /* Frameworks */ = {
			isa = PBXFrameworksBuildPhase;
			buildActionMask = 2147483647;
			files = (
				28B84EAF1E9018560041BD5D /* NotificationCenter.framework in Frameworks */,
				F4EAB71D1A91594D658ECA5E /* libPods-DA Mobile Widget.a in Frameworks */,
			);
			runOnlyForDeploymentPostprocessing = 0;
		};
/* End PBXFrameworksBuildPhase section */

/* Begin PBXGroup section */
		281C32D11E9A75B40093ABA0 /* Media */ = {
			isa = PBXGroup;
			children = (
				28AFE0D51E9AC649004A83FB /* Bookmark-icon.png */,
				28E833A91E94933000614C73 /* placeholder.png */,
				283C8A0E1E97AE1300329DF3 /* Plus.png */,
				2822A6051E95C86600F52F92 /* Back.png */,
				2822A6061E95C86600F52F92 /* Hearts.png */,
				28CFF2D71E99E631001E012F /* poster.png */,
				281C32CD1E9A75AA0093ABA0 /* bg1@2x.png */,
				281C32CE1E9A75AA0093ABA0 /* bg3@2x.png */,
				28B84EC11E9030C70041BD5D /* icon.png */,
			);
			name = Media;
			sourceTree = "<group>";
		};
		284A4DC11E2900C9004F5226 /* Views */ = {
			isa = PBXGroup;
			children = (
				28E833A61E947FF500614C73 /* CollectionReusableHeader.h */,
				28E833A71E947FF500614C73 /* CollectionReusableHeader.m */,
				28E833A11E947E5C00614C73 /* UICollectionViewCellPosts.h */,
				28E833A21E947E5C00614C73 /* UICollectionViewCellPosts.m */,
				283C8A101E97EB1500329DF3 /* CollectionViewFlowLayout.h */,
				28DA8BEA1E9B321400478B73 /* CustomTableViewCell.h */,
				28DA8BEB1E9B321400478B73 /* CustomTableViewCell.m */,
				283C8A111E97EB1500329DF3 /* CollectionViewFlowLayout.m */,
			);
			name = Views;
			sourceTree = "<group>";
		};
		284A4DC21E2900D9004F5226 /* Nibs */ = {
			isa = PBXGroup;
			children = (
				2868166F1DCAB3D20089BEA6 /* LaunchScreen.storyboard */,
				28E833A41E947E7F00614C73 /* UICollectionViewCellPosts.xib */,
				287986051E9888A400DE4DC4 /* UICollectionViewCellSmall.xib */,
				2868166A1DCAB3D20089BEA6 /* Main.storyboard */,
			);
			name = Nibs;
			sourceTree = "<group>";
		};
		286816551DCAB3D10089BEA6 = {
			isa = PBXGroup;
			children = (
				286816601DCAB3D20089BEA6 /* DA Mobile */,
				28B84EB01E9018560041BD5D /* DA Mobile Widget */,
				2868165F1DCAB3D20089BEA6 /* Products */,
				2868169E1DCAB4600089BEA6 /* Frameworks */,
				7196A0D59C0E5A9F51CD81F4 /* Pods */,
			);
			sourceTree = "<group>";
		};
		2868165F1DCAB3D20089BEA6 /* Products */ = {
			isa = PBXGroup;
			children = (
				2868165E1DCAB3D20089BEA6 /* DA Mobile.app */,
				28B84EAD1E9018560041BD5D /* DA Mobile Widget.appex */,
			);
			name = Products;
			sourceTree = "<group>";
		};
		286816601DCAB3D20089BEA6 /* DA Mobile */ = {
			isa = PBXGroup;
			children = (
				28B84EBF1E901C0D0041BD5D /* DA Mobile.entitlements */,
				284A4DC21E2900D9004F5226 /* Nibs */,
				28E833A01E94782E00614C73 /* Realm Object */,
				286816AE1DCAB94B0089BEA6 /* TFHpple */,
				28ACA04F1E228A710092075E /* Weather API */,
				28AFE0DA1E9AC7DF004A83FB /* Objects */,
				284A4DC11E2900C9004F5226 /* Views */,
				2879F6C01DCB5CA200DAEE52 /* ViewController */,
				281C32D11E9A75B40093ABA0 /* Media */,
				286816611DCAB3D20089BEA6 /* Supporting Files */,
			);
			path = "DA Mobile";
			sourceTree = "<group>";
		};
		286816611DCAB3D20089BEA6 /* Supporting Files */ = {
			isa = PBXGroup;
			children = (
				28F23F831E930A2B00F1DBB0 /* placeholder.png */,
				280C287F1E91649200381D68 /* GoogleService-Info.plist */,
				28B84EC31E9033F00041BD5D /* Assets.xcassets */,
				286816721DCAB3D20089BEA6 /* Info.plist */,
				286816641DCAB3D20089BEA6 /* AppDelegate.h */,
				286816651DCAB3D20089BEA6 /* AppDelegate.m */,
				286816621DCAB3D20089BEA6 /* main.m */,
			);
			name = "Supporting Files";
			sourceTree = "<group>";
		};
		2868169E1DCAB4600089BEA6 /* Frameworks */ = {
			isa = PBXGroup;
			children = (
				28ACA0521E2290220092075E /* MapKit.framework */,
				28ACA0501E228A890092075E /* CoreLocation.framework */,
				286816AC1DCAB8EC0089BEA6 /* libresolv.tbd */,
				286816A11DCAB4770089BEA6 /* libxml2.tbd */,
				2868169F1DCAB4610089BEA6 /* libxml2.2.tbd */,
				28B84EAE1E9018560041BD5D /* NotificationCenter.framework */,
				0F9E7D4049289D70560B04FA /* libPods-DA Mobile Widget.a */,
				E307A23BD1C5166D3F4A184C /* libPods-DA Mobile.a */,
			);
			name = Frameworks;
			sourceTree = "<group>";
		};
		286816AE1DCAB94B0089BEA6 /* TFHpple */ = {
			isa = PBXGroup;
			children = (
				286816A31DCAB7230089BEA6 /* TFHpple.h */,
				286816A41DCAB7230089BEA6 /* TFHpple.m */,
				286816A51DCAB7230089BEA6 /* TFHppleElement.h */,
				286816A61DCAB7230089BEA6 /* TFHppleElement.m */,
				286816A71DCAB7230089BEA6 /* XPathQuery.h */,
				286816A81DCAB7230089BEA6 /* XPathQuery.m */,
			);
			name = TFHpple;
			sourceTree = "<group>";
		};
		2879F6C01DCB5CA200DAEE52 /* ViewController */ = {
			isa = PBXGroup;
			children = (
				286816671DCAB3D20089BEA6 /* ViewController.h */,
				286816681DCAB3D20089BEA6 /* ViewController.m */,
				281C32D21E9A82930093ABA0 /* BookmarkViewController.h */,
				281C32D31E9A82930093ABA0 /* BookmarkViewController.m */,
				28A4C6DC1E984A1500C00E3E /* MenuViewController.h */,
				28A4C6DD1E984A1500C00E3E /* MenuViewController.m */,
				2841DB3F1E567B2A007A1B2E /* DetailViewController.h */,
				2841DB401E567B2A007A1B2E /* DetailViewController.m */,
			);
			name = ViewController;
			sourceTree = "<group>";
		};
		28ACA04F1E228A710092075E /* Weather API */ = {
			isa = PBXGroup;
			children = (
				28ACA04C1E228A6D0092075E /* YQL.h */,
				28ACA04D1E228A6D0092075E /* YQL.m */,
			);
			name = "Weather API";
			sourceTree = "<group>";
		};
		28AFE0DA1E9AC7DF004A83FB /* Objects */ = {
			isa = PBXGroup;
			children = (
				28AFE0D71E9AC7D2004A83FB /* BulletinData.h */,
				28AFE0D81E9AC7D2004A83FB /* BulletinData.m */,
			);
			name = Objects;
			sourceTree = "<group>";
		};
		28B84EB01E9018560041BD5D /* DA Mobile Widget */ = {
			isa = PBXGroup;
			children = (
				28B84EC01E901C2C0041BD5D /* DA Mobile Widget.entitlements */,
				28B84EB11E9018560041BD5D /* TodayViewController.h */,
				28B84EB21E9018560041BD5D /* TodayViewController.m */,
				28B84EB41E9018560041BD5D /* MainInterface.storyboard */,
				28B84EB71E9018560041BD5D /* Info.plist */,
				2868166D1DCAB3D20089BEA6 /* Assets.xcassets */,
			);
			path = "DA Mobile Widget";
			sourceTree = "<group>";
		};
		28E833A01E94782E00614C73 /* Realm Object */ = {
			isa = PBXGroup;
			children = (
				282ADC181E97213600701BC2 /* BulletinPost.h */,
				282ADC191E97213600701BC2 /* BulletinPost.m */,
			);
			name = "Realm Object";
			sourceTree = "<group>";
		};
		7196A0D59C0E5A9F51CD81F4 /* Pods */ = {
			isa = PBXGroup;
			children = (
				98A3D34911E6E8A82C7F4016 /* Pods-DA Mobile.debug.xcconfig */,
				159733627244C7DDDD224C71 /* Pods-DA Mobile.release.xcconfig */,
				9F65A303EC17A19D98A410E4 /* Pods-DA Mobile Widget.debug.xcconfig */,
				08395B49F13BBFDBE64A8E80 /* Pods-DA Mobile Widget.release.xcconfig */,
			);
			name = Pods;
			sourceTree = "<group>";
		};
/* End PBXGroup section */

/* Begin PBXNativeTarget section */
		2868165D1DCAB3D10089BEA6 /* DA Mobile */ = {
			isa = PBXNativeTarget;
			buildConfigurationList = 2868168B1DCAB3D20089BEA6 /* Build configuration list for PBXNativeTarget "DA Mobile" */;
			buildPhases = (
				361D21320713192F8F44589F /* [CP] Check Pods Manifest.lock */,
				2868165A1DCAB3D10089BEA6 /* Sources */,
				2868165B1DCAB3D10089BEA6 /* Frameworks */,
				2868165C1DCAB3D10089BEA6 /* Resources */,
				28B84EBE1E9018560041BD5D /* Embed App Extensions */,
				B5AF966047C8FFDB0CE98965 /* [CP] Embed Pods Frameworks */,
				8DAEDD8AC3D331B725C5A5D4 /* [CP] Copy Pods Resources */,
			);
			buildRules = (
			);
			dependencies = (
				28B84EB91E9018560041BD5D /* PBXTargetDependency */,
			);
			name = "DA Mobile";
			productName = "DA Mobile";
			productReference = 2868165E1DCAB3D20089BEA6 /* DA Mobile.app */;
			productType = "com.apple.product-type.application";
		};
		28B84EAC1E9018560041BD5D /* DA Mobile Widget */ = {
			isa = PBXNativeTarget;
			buildConfigurationList = 28B84EBD1E9018560041BD5D /* Build configuration list for PBXNativeTarget "DA Mobile Widget" */;
			buildPhases = (
				ACB4F6A915369E6894857165 /* [CP] Check Pods Manifest.lock */,
				28B84EA91E9018560041BD5D /* Sources */,
				28B84EAA1E9018560041BD5D /* Frameworks */,
				28B84EAB1E9018560041BD5D /* Resources */,
				7DFD2FDFCC988466CF80E489 /* [CP] Copy Pods Resources */,
			);
			buildRules = (
			);
			dependencies = (
			);
			name = "DA Mobile Widget";
			productName = "DA Mobile Widget";
			productReference = 28B84EAD1E9018560041BD5D /* DA Mobile Widget.appex */;
			productType = "com.apple.product-type.app-extension";
		};
/* End PBXNativeTarget section */

/* Begin PBXProject section */
		286816561DCAB3D10089BEA6 /* Project object */ = {
			isa = PBXProject;
			attributes = {
				LastUpgradeCheck = 0830;
				ORGANIZATIONNAME = "Yongyang Nie";
				TargetAttributes = {
					2868165D1DCAB3D10089BEA6 = {
						CreatedOnToolsVersion = 8.1;
						DevelopmentTeam = 8NZ8K5GNH8;
						ProvisioningStyle = Automatic;
						SystemCapabilities = {
							com.apple.ApplicationGroups.iOS = {
								enabled = 1;
							};
							com.apple.BackgroundModes = {
								enabled = 1;
							};
							com.apple.Maps.iOS = {
								enabled = 0;
							};
							com.apple.Push = {
								enabled = 1;
							};
						};
					};
					28B84EAC1E9018560041BD5D = {
						CreatedOnToolsVersion = 8.3;
						DevelopmentTeam = 8NZ8K5GNH8;
						ProvisioningStyle = Automatic;
						SystemCapabilities = {
							com.apple.ApplicationGroups.iOS = {
								enabled = 1;
							};
						};
					};
				};
			};
			buildConfigurationList = 286816591DCAB3D10089BEA6 /* Build configuration list for PBXProject "DA Mobile" */;
			compatibilityVersion = "Xcode 3.2";
			developmentRegion = English;
			hasScannedForEncodings = 0;
			knownRegions = (
				en,
				Base,
			);
			mainGroup = 286816551DCAB3D10089BEA6;
			productRefGroup = 2868165F1DCAB3D20089BEA6 /* Products */;
			projectDirPath = "";
			projectRoot = "";
			targets = (
				2868165D1DCAB3D10089BEA6 /* DA Mobile */,
				28B84EAC1E9018560041BD5D /* DA Mobile Widget */,
			);
		};
/* End PBXProject section */

/* Begin PBXResourcesBuildPhase section */
		2868165C1DCAB3D10089BEA6 /* Resources */ = {
			isa = PBXResourcesBuildPhase;
			buildActionMask = 2147483647;
			files = (
				286816711DCAB3D20089BEA6 /* LaunchScreen.storyboard in Resources */,
				28B84EC21E9030C70041BD5D /* icon.png in Resources */,
				2868166E1DCAB3D20089BEA6 /* Assets.xcassets in Resources */,
<<<<<<< HEAD
=======
				281070361E215D140031648E /* RearViewController.xib in Resources */,
				28F23F841E930A2B00F1DBB0 /* placeholder.png in Resources */,
<<<<<<< HEAD
=======
>>>>>>> master
>>>>>>> new-ui
				2868166C1DCAB3D20089BEA6 /* Main.storyboard in Resources */,
				2822A6071E95C86600F52F92 /* Back.png in Resources */,
				28E833AA1E94933000614C73 /* placeholder.png in Resources */,
				28CFF2D81E99E631001E012F /* poster.png in Resources */,
				280C28801E91649200381D68 /* GoogleService-Info.plist in Resources */,
				281C32CF1E9A75AA0093ABA0 /* bg1@2x.png in Resources */,
				281C32D01E9A75AA0093ABA0 /* bg3@2x.png in Resources */,
				283C8A0F1E97AE1300329DF3 /* Plus.png in Resources */,
				28AFE0D61E9AC649004A83FB /* Bookmark-icon.png in Resources */,
				28E833A51E947E7F00614C73 /* UICollectionViewCellPosts.xib in Resources */,
				287986061E9888A400DE4DC4 /* UICollectionViewCellSmall.xib in Resources */,
				2822A6081E95C86600F52F92 /* Hearts.png in Resources */,
			);
			runOnlyForDeploymentPostprocessing = 0;
		};
		28B84EAB1E9018560041BD5D /* Resources */ = {
			isa = PBXResourcesBuildPhase;
			buildActionMask = 2147483647;
			files = (
				28B84EC51E9035430041BD5D /* Assets.xcassets in Resources */,
				28B84EB61E9018560041BD5D /* MainInterface.storyboard in Resources */,
			);
			runOnlyForDeploymentPostprocessing = 0;
		};
/* End PBXResourcesBuildPhase section */

/* Begin PBXShellScriptBuildPhase section */
		361D21320713192F8F44589F /* [CP] Check Pods Manifest.lock */ = {
			isa = PBXShellScriptBuildPhase;
			buildActionMask = 2147483647;
			files = (
			);
			inputPaths = (
			);
			name = "[CP] Check Pods Manifest.lock";
			outputPaths = (
			);
			runOnlyForDeploymentPostprocessing = 0;
			shellPath = /bin/sh;
			shellScript = "diff \"${PODS_ROOT}/../Podfile.lock\" \"${PODS_ROOT}/Manifest.lock\" > /dev/null\nif [ $? != 0 ] ; then\n    # print error to STDERR\n    echo \"error: The sandbox is not in sync with the Podfile.lock. Run 'pod install' or update your CocoaPods installation.\" >&2\n    exit 1\nfi\n";
			showEnvVarsInLog = 0;
		};
		7DFD2FDFCC988466CF80E489 /* [CP] Copy Pods Resources */ = {
			isa = PBXShellScriptBuildPhase;
			buildActionMask = 2147483647;
			files = (
			);
			inputPaths = (
			);
			name = "[CP] Copy Pods Resources";
			outputPaths = (
			);
			runOnlyForDeploymentPostprocessing = 0;
			shellPath = /bin/sh;
			shellScript = "\"${SRCROOT}/Pods/Target Support Files/Pods-DA Mobile Widget/Pods-DA Mobile Widget-resources.sh\"\n";
			showEnvVarsInLog = 0;
		};
		8DAEDD8AC3D331B725C5A5D4 /* [CP] Copy Pods Resources */ = {
			isa = PBXShellScriptBuildPhase;
			buildActionMask = 2147483647;
			files = (
			);
			inputPaths = (
			);
			name = "[CP] Copy Pods Resources";
			outputPaths = (
			);
			runOnlyForDeploymentPostprocessing = 0;
			shellPath = /bin/sh;
			shellScript = "\"${SRCROOT}/Pods/Target Support Files/Pods-DA Mobile/Pods-DA Mobile-resources.sh\"\n";
			showEnvVarsInLog = 0;
		};
		ACB4F6A915369E6894857165 /* [CP] Check Pods Manifest.lock */ = {
			isa = PBXShellScriptBuildPhase;
			buildActionMask = 2147483647;
			files = (
			);
			inputPaths = (
			);
			name = "[CP] Check Pods Manifest.lock";
			outputPaths = (
			);
			runOnlyForDeploymentPostprocessing = 0;
			shellPath = /bin/sh;
			shellScript = "diff \"${PODS_ROOT}/../Podfile.lock\" \"${PODS_ROOT}/Manifest.lock\" > /dev/null\nif [ $? != 0 ] ; then\n    # print error to STDERR\n    echo \"error: The sandbox is not in sync with the Podfile.lock. Run 'pod install' or update your CocoaPods installation.\" >&2\n    exit 1\nfi\n";
			showEnvVarsInLog = 0;
		};
		B5AF966047C8FFDB0CE98965 /* [CP] Embed Pods Frameworks */ = {
			isa = PBXShellScriptBuildPhase;
			buildActionMask = 2147483647;
			files = (
			);
			inputPaths = (
			);
			name = "[CP] Embed Pods Frameworks";
			outputPaths = (
			);
			runOnlyForDeploymentPostprocessing = 0;
			shellPath = /bin/sh;
			shellScript = "\"${SRCROOT}/Pods/Target Support Files/Pods-DA Mobile/Pods-DA Mobile-frameworks.sh\"\n";
			showEnvVarsInLog = 0;
		};
/* End PBXShellScriptBuildPhase section */

/* Begin PBXSourcesBuildPhase section */
		2868165A1DCAB3D10089BEA6 /* Sources */ = {
			isa = PBXSourcesBuildPhase;
			buildActionMask = 2147483647;
			files = (
				286816691DCAB3D20089BEA6 /* ViewController.m in Sources */,
				286816661DCAB3D20089BEA6 /* AppDelegate.m in Sources */,
				286816631DCAB3D20089BEA6 /* main.m in Sources */,
				286816A91DCAB7230089BEA6 /* TFHpple.m in Sources */,
				28A4C6DE1E984A1500C00E3E /* MenuViewController.m in Sources */,
				282ADC1A1E97213600701BC2 /* BulletinPost.m in Sources */,
				281C32D41E9A82930093ABA0 /* BookmarkViewController.m in Sources */,
				28E833A81E947FF500614C73 /* CollectionReusableHeader.m in Sources */,
				28AFE0D91E9AC7D2004A83FB /* BulletinData.m in Sources */,
				28ACA04E1E228A6D0092075E /* YQL.m in Sources */,
				286816AB1DCAB7230089BEA6 /* XPathQuery.m in Sources */,
				2841DB411E567B2A007A1B2E /* DetailViewController.m in Sources */,
				286816AA1DCAB7230089BEA6 /* TFHppleElement.m in Sources */,
				28E833A31E947E5C00614C73 /* UICollectionViewCellPosts.m in Sources */,
				28DA8BEC1E9B321400478B73 /* CustomTableViewCell.m in Sources */,
				283C8A121E97EB1500329DF3 /* CollectionViewFlowLayout.m in Sources */,
			);
			runOnlyForDeploymentPostprocessing = 0;
		};
		28B84EA91E9018560041BD5D /* Sources */ = {
			isa = PBXSourcesBuildPhase;
			buildActionMask = 2147483647;
			files = (
				28B84EB31E9018560041BD5D /* TodayViewController.m in Sources */,
			);
			runOnlyForDeploymentPostprocessing = 0;
		};
/* End PBXSourcesBuildPhase section */

/* Begin PBXTargetDependency section */
		28B84EB91E9018560041BD5D /* PBXTargetDependency */ = {
			isa = PBXTargetDependency;
			target = 28B84EAC1E9018560041BD5D /* DA Mobile Widget */;
			targetProxy = 28B84EB81E9018560041BD5D /* PBXContainerItemProxy */;
		};
/* End PBXTargetDependency section */

/* Begin PBXVariantGroup section */
		2868166A1DCAB3D20089BEA6 /* Main.storyboard */ = {
			isa = PBXVariantGroup;
			children = (
				2868166B1DCAB3D20089BEA6 /* Base */,
			);
			name = Main.storyboard;
			sourceTree = "<group>";
		};
		2868166F1DCAB3D20089BEA6 /* LaunchScreen.storyboard */ = {
			isa = PBXVariantGroup;
			children = (
				286816701DCAB3D20089BEA6 /* Base */,
			);
			name = LaunchScreen.storyboard;
			sourceTree = "<group>";
		};
		28B84EB41E9018560041BD5D /* MainInterface.storyboard */ = {
			isa = PBXVariantGroup;
			children = (
				28B84EB51E9018560041BD5D /* Base */,
			);
			name = MainInterface.storyboard;
			sourceTree = "<group>";
		};
/* End PBXVariantGroup section */

/* Begin XCBuildConfiguration section */
		286816891DCAB3D20089BEA6 /* Debug */ = {
			isa = XCBuildConfiguration;
			buildSettings = {
				ALWAYS_SEARCH_USER_PATHS = NO;
				CLANG_ANALYZER_NONNULL = YES;
				CLANG_CXX_LANGUAGE_STANDARD = "gnu++0x";
				CLANG_CXX_LIBRARY = "libc++";
				CLANG_ENABLE_MODULES = YES;
				CLANG_ENABLE_OBJC_ARC = YES;
				CLANG_WARN_BOOL_CONVERSION = YES;
				CLANG_WARN_CONSTANT_CONVERSION = YES;
				CLANG_WARN_DIRECT_OBJC_ISA_USAGE = YES_ERROR;
				CLANG_WARN_DOCUMENTATION_COMMENTS = YES;
				CLANG_WARN_EMPTY_BODY = YES;
				CLANG_WARN_ENUM_CONVERSION = YES;
				CLANG_WARN_INFINITE_RECURSION = YES;
				CLANG_WARN_INT_CONVERSION = YES;
				CLANG_WARN_OBJC_ROOT_CLASS = YES_ERROR;
				CLANG_WARN_SUSPICIOUS_MOVE = YES;
				CLANG_WARN_SUSPICIOUS_MOVES = YES;
				CLANG_WARN_UNREACHABLE_CODE = YES;
				CLANG_WARN__DUPLICATE_METHOD_MATCH = YES;
				"CODE_SIGN_IDENTITY[sdk=iphoneos*]" = "iPhone Developer";
				COPY_PHASE_STRIP = NO;
				DEBUG_INFORMATION_FORMAT = dwarf;
				ENABLE_STRICT_OBJC_MSGSEND = YES;
				ENABLE_TESTABILITY = YES;
				FRAMEWORK_SEARCH_PATHS = "$(inherited)";
				GCC_C_LANGUAGE_STANDARD = gnu99;
				GCC_DYNAMIC_NO_PIC = NO;
				GCC_NO_COMMON_BLOCKS = YES;
				GCC_OPTIMIZATION_LEVEL = 0;
				GCC_PREPROCESSOR_DEFINITIONS = (
					"DEBUG=1",
					"$(inherited)",
				);
				GCC_WARN_64_TO_32_BIT_CONVERSION = YES;
				GCC_WARN_ABOUT_RETURN_TYPE = YES_ERROR;
				GCC_WARN_UNDECLARED_SELECTOR = YES;
				GCC_WARN_UNINITIALIZED_AUTOS = YES_AGGRESSIVE;
				GCC_WARN_UNUSED_FUNCTION = YES;
				GCC_WARN_UNUSED_VARIABLE = YES;
				IPHONEOS_DEPLOYMENT_TARGET = 10.1;
				MTL_ENABLE_DEBUG_INFO = YES;
				ONLY_ACTIVE_ARCH = YES;
				SDKROOT = iphoneos;
				TARGETED_DEVICE_FAMILY = "1,2";
			};
			name = Debug;
		};
		2868168A1DCAB3D20089BEA6 /* Release */ = {
			isa = XCBuildConfiguration;
			buildSettings = {
				ALWAYS_SEARCH_USER_PATHS = NO;
				CLANG_ANALYZER_NONNULL = YES;
				CLANG_CXX_LANGUAGE_STANDARD = "gnu++0x";
				CLANG_CXX_LIBRARY = "libc++";
				CLANG_ENABLE_MODULES = YES;
				CLANG_ENABLE_OBJC_ARC = YES;
				CLANG_WARN_BOOL_CONVERSION = YES;
				CLANG_WARN_CONSTANT_CONVERSION = YES;
				CLANG_WARN_DIRECT_OBJC_ISA_USAGE = YES_ERROR;
				CLANG_WARN_DOCUMENTATION_COMMENTS = YES;
				CLANG_WARN_EMPTY_BODY = YES;
				CLANG_WARN_ENUM_CONVERSION = YES;
				CLANG_WARN_INFINITE_RECURSION = YES;
				CLANG_WARN_INT_CONVERSION = YES;
				CLANG_WARN_OBJC_ROOT_CLASS = YES_ERROR;
				CLANG_WARN_SUSPICIOUS_MOVE = YES;
				CLANG_WARN_SUSPICIOUS_MOVES = YES;
				CLANG_WARN_UNREACHABLE_CODE = YES;
				CLANG_WARN__DUPLICATE_METHOD_MATCH = YES;
				"CODE_SIGN_IDENTITY[sdk=iphoneos*]" = "iPhone Developer";
				COPY_PHASE_STRIP = NO;
				DEBUG_INFORMATION_FORMAT = "dwarf-with-dsym";
				ENABLE_NS_ASSERTIONS = NO;
				ENABLE_STRICT_OBJC_MSGSEND = YES;
				FRAMEWORK_SEARCH_PATHS = "$(inherited)";
				GCC_C_LANGUAGE_STANDARD = gnu99;
				GCC_NO_COMMON_BLOCKS = YES;
				GCC_WARN_64_TO_32_BIT_CONVERSION = YES;
				GCC_WARN_ABOUT_RETURN_TYPE = YES_ERROR;
				GCC_WARN_UNDECLARED_SELECTOR = YES;
				GCC_WARN_UNINITIALIZED_AUTOS = YES_AGGRESSIVE;
				GCC_WARN_UNUSED_FUNCTION = YES;
				GCC_WARN_UNUSED_VARIABLE = YES;
				IPHONEOS_DEPLOYMENT_TARGET = 10.1;
				MTL_ENABLE_DEBUG_INFO = NO;
				SDKROOT = iphoneos;
				TARGETED_DEVICE_FAMILY = "1,2";
				VALIDATE_PRODUCT = YES;
			};
			name = Release;
		};
		2868168C1DCAB3D20089BEA6 /* Debug */ = {
			isa = XCBuildConfiguration;
			baseConfigurationReference = 98A3D34911E6E8A82C7F4016 /* Pods-DA Mobile.debug.xcconfig */;
			buildSettings = {
				ASSETCATALOG_COMPILER_APPICON_NAME = AppIcon;
				CODE_SIGN_ENTITLEMENTS = "DA Mobile/DA Mobile.entitlements";
				DEVELOPMENT_TEAM = 8NZ8K5GNH8;
				FRAMEWORK_SEARCH_PATHS = "$(inherited)";
				HEADER_SEARCH_PATHS = "\"${SDK_DIR}\"/usr/include/libxml2";
				INFOPLIST_FILE = "DA Mobile/Info.plist";
				IPHONEOS_DEPLOYMENT_TARGET = 9.0;
				LD_RUNPATH_SEARCH_PATHS = "$(inherited) @executable_path/Frameworks";
				PRODUCT_BUNDLE_IDENTIFIER = com.yongyang.dabulletinv2;
				PRODUCT_NAME = "$(TARGET_NAME)";
			};
			name = Debug;
		};
		2868168D1DCAB3D20089BEA6 /* Release */ = {
			isa = XCBuildConfiguration;
			baseConfigurationReference = 159733627244C7DDDD224C71 /* Pods-DA Mobile.release.xcconfig */;
			buildSettings = {
				ASSETCATALOG_COMPILER_APPICON_NAME = AppIcon;
				CODE_SIGN_ENTITLEMENTS = "DA Mobile/DA Mobile.entitlements";
				DEVELOPMENT_TEAM = 8NZ8K5GNH8;
				FRAMEWORK_SEARCH_PATHS = "$(inherited)";
				HEADER_SEARCH_PATHS = "\"${SDK_DIR}\"/usr/include/libxml2";
				INFOPLIST_FILE = "DA Mobile/Info.plist";
				IPHONEOS_DEPLOYMENT_TARGET = 9.0;
				LD_RUNPATH_SEARCH_PATHS = "$(inherited) @executable_path/Frameworks";
				PRODUCT_BUNDLE_IDENTIFIER = com.yongyang.dabulletinv2;
				PRODUCT_NAME = "$(TARGET_NAME)";
			};
			name = Release;
		};
		28B84EBB1E9018560041BD5D /* Debug */ = {
			isa = XCBuildConfiguration;
			baseConfigurationReference = 9F65A303EC17A19D98A410E4 /* Pods-DA Mobile Widget.debug.xcconfig */;
			buildSettings = {
				CLANG_ANALYZER_NUMBER_OBJECT_CONVERSION = YES_AGGRESSIVE;
				CODE_SIGN_ENTITLEMENTS = "DA Mobile Widget/DA Mobile Widget.entitlements";
				DEVELOPMENT_TEAM = 8NZ8K5GNH8;
				FRAMEWORK_SEARCH_PATHS = "$(inherited)";
				INFOPLIST_FILE = "DA Mobile Widget/Info.plist";
				IPHONEOS_DEPLOYMENT_TARGET = 10.0;
				LD_RUNPATH_SEARCH_PATHS = "$(inherited) @executable_path/Frameworks @executable_path/../../Frameworks";
				PRODUCT_BUNDLE_IDENTIFIER = "com.yongyang.dabulletinv2.DA-Mobile-Widget";
				PRODUCT_NAME = "$(TARGET_NAME)";
				SKIP_INSTALL = YES;
			};
			name = Debug;
		};
		28B84EBC1E9018560041BD5D /* Release */ = {
			isa = XCBuildConfiguration;
			baseConfigurationReference = 08395B49F13BBFDBE64A8E80 /* Pods-DA Mobile Widget.release.xcconfig */;
			buildSettings = {
				CLANG_ANALYZER_NUMBER_OBJECT_CONVERSION = YES_AGGRESSIVE;
				CODE_SIGN_ENTITLEMENTS = "DA Mobile Widget/DA Mobile Widget.entitlements";
				DEVELOPMENT_TEAM = 8NZ8K5GNH8;
				FRAMEWORK_SEARCH_PATHS = "$(inherited)";
				INFOPLIST_FILE = "DA Mobile Widget/Info.plist";
				IPHONEOS_DEPLOYMENT_TARGET = 10.0;
				LD_RUNPATH_SEARCH_PATHS = "$(inherited) @executable_path/Frameworks @executable_path/../../Frameworks";
				PRODUCT_BUNDLE_IDENTIFIER = "com.yongyang.dabulletinv2.DA-Mobile-Widget";
				PRODUCT_NAME = "$(TARGET_NAME)";
				SKIP_INSTALL = YES;
			};
			name = Release;
		};
/* End XCBuildConfiguration section */

/* Begin XCConfigurationList section */
		286816591DCAB3D10089BEA6 /* Build configuration list for PBXProject "DA Mobile" */ = {
			isa = XCConfigurationList;
			buildConfigurations = (
				286816891DCAB3D20089BEA6 /* Debug */,
				2868168A1DCAB3D20089BEA6 /* Release */,
			);
			defaultConfigurationIsVisible = 0;
			defaultConfigurationName = Release;
		};
		2868168B1DCAB3D20089BEA6 /* Build configuration list for PBXNativeTarget "DA Mobile" */ = {
			isa = XCConfigurationList;
			buildConfigurations = (
				2868168C1DCAB3D20089BEA6 /* Debug */,
				2868168D1DCAB3D20089BEA6 /* Release */,
			);
			defaultConfigurationIsVisible = 0;
			defaultConfigurationName = Release;
		};
		28B84EBD1E9018560041BD5D /* Build configuration list for PBXNativeTarget "DA Mobile Widget" */ = {
			isa = XCConfigurationList;
			buildConfigurations = (
				28B84EBB1E9018560041BD5D /* Debug */,
				28B84EBC1E9018560041BD5D /* Release */,
			);
			defaultConfigurationIsVisible = 0;
			defaultConfigurationName = Release;
		};
/* End XCConfigurationList section */
	};
	rootObject = 286816561DCAB3D10089BEA6 /* Project object */;
}
