<?xml version="1.0" encoding="UTF-8"?>
<Scheme
   LastUpgradeVersion = "0900"
   version = "1.3">
   <BuildAction
      parallelizeBuildables = "YES"
      buildImplicitDependencies = "YES">
      <BuildActionEntries>
         <BuildActionEntry
            buildForTesting = "YES"
            buildForRunning = "YES"
            buildForProfiling = "YES"
            buildForArchiving = "YES"
            buildForAnalyzing = "YES">
            <BuildableReference
               BuildableIdentifier = "primary"
               BlueprintIdentifier = "28C3A5C51EE36BB800E199D6"
               BuildableName = "DA Mobile Apple Watch.app"
               BlueprintName = "DA Mobile Apple Watch"
               ReferencedContainer = "container:DA Mobile.xcodeproj">
            </BuildableReference>
         </BuildActionEntry>
         <BuildActionEntry
            buildForTesting = "YES"
            buildForRunning = "YES"
            buildForProfiling = "YES"
            buildForArchiving = "YES"
            buildForAnalyzing = "YES">
            <BuildableReference
               BuildableIdentifier = "primary"
               BlueprintIdentifier = "2868165D1DCAB3D10089BEA6"
               BuildableName = "DA Mobile.app"
               BlueprintName = "DA Mobile"
               ReferencedContainer = "container:DA Mobile.xcodeproj">
            </BuildableReference>
         </BuildActionEntry>
      </BuildActionEntries>
   </BuildAction>
   <TestAction
      buildConfiguration = "Debug"
      selectedDebuggerIdentifier = "Xcode.DebuggerFoundation.Debugger.LLDB"
      selectedLauncherIdentifier = "Xcode.DebuggerFoundation.Launcher.LLDB"
      shouldUseLaunchSchemeArgsEnv = "YES">
      <Testables>
      </Testables>
      <MacroExpansion>
         <BuildableReference
            BuildableIdentifier = "primary"
            BlueprintIdentifier = "28C3A5C51EE36BB800E199D6"
            BuildableName = "DA Mobile Apple Watch.app"
            BlueprintName = "DA Mobile Apple Watch"
            ReferencedContainer = "container:DA Mobile.xcodeproj">
         </BuildableReference>
      </MacroExpansion>
      <AdditionalOptions>
      </AdditionalOptions>
   </TestAction>
   <LaunchAction
      buildConfiguration = "Debug"
      selectedDebuggerIdentifier = "Xcode.DebuggerFoundation.Debugger.LLDB"
      selectedLauncherIdentifier = "Xcode.DebuggerFoundation.Launcher.LLDB"
      launchStyle = "0"
      useCustomWorkingDirectory = "NO"
      ignoresPersistentStateOnLaunch = "NO"
      debugDocumentVersioning = "YES"
      debugServiceExtension = "internal"
      allowLocationSimulation = "YES">
      <RemoteRunnable
         runnableDebuggingMode = "2"
         BundleIdentifier = "com.apple.Carousel"
         RemotePath = "/DA Mobile">
         <BuildableReference
            BuildableIdentifier = "primary"
            BlueprintIdentifier = "28C3A5C51EE36BB800E199D6"
            BuildableName = "DA Mobile Apple Watch.app"
            BlueprintName = "DA Mobile Apple Watch"
            ReferencedContainer = "container:DA Mobile.xcodeproj">
         </BuildableReference>
      </RemoteRunnable>
      <MacroExpansion>
         <BuildableReference
            BuildableIdentifier = "primary"
            BlueprintIdentifier = "28C3A5C51EE36BB800E199D6"
            BuildableName = "DA Mobile Apple Watch.app"
            BlueprintName = "DA Mobile Apple Watch"
            ReferencedContainer = "container:DA Mobile.xcodeproj">
         </BuildableReference>
      </MacroExpansion>
      <AdditionalOptions>
      </AdditionalOptions>
   </LaunchAction>
   <ProfileAction
      buildConfiguration = "Release"
      shouldUseLaunchSchemeArgsEnv = "YES"
      savedToolIdentifier = ""
      useCustomWorkingDirectory = "NO"
      debugDocumentVersioning = "YES">
      <RemoteRunnable
         runnableDebuggingMode = "2"
         BundleIdentifier = "com.apple.Carousel"
         RemotePath = "/DA Mobile">
         <BuildableReference
            BuildableIdentifier = "primary"
            BlueprintIdentifier = "28C3A5C51EE36BB800E199D6"
            BuildableName = "DA Mobile Apple Watch.app"
            BlueprintName = "DA Mobile Apple Watch"
            ReferencedContainer = "container:DA Mobile.xcodeproj">
         </BuildableReference>
      </RemoteRunnable>
      <MacroExpansion>
         <BuildableReference
            BuildableIdentifier = "primary"
            BlueprintIdentifier = "28C3A5C51EE36BB800E199D6"
            BuildableName = "DA Mobile Apple Watch.app"
            BlueprintName = "DA Mobile Apple Watch"
            ReferencedContainer = "container:DA Mobile.xcodeproj">
         </BuildableReference>
      </MacroExpansion>
   </ProfileAction>
   <AnalyzeAction
      buildConfiguration = "Debug">
   </AnalyzeAction>
   <ArchiveAction
      buildConfiguration = "Release"
      revealArchiveInOrganizer = "YES">
   </ArchiveAction>
</Scheme>
